
Microsoft Visual Studio Solution File, Format Version 12.00
# Visual Studio 15
VisualStudioVersion = 15.0.28010.2048
MinimumVisualStudioVersion = 10.0.40219.1
Project("{FAE04EC0-301F-11D3-BF4B-00C04F79EFBC}") = "ProductoWebService", "ProductoWebService\ProductoWebService.csproj", "{B03C7468-BEC0-4E6F-A241-ADF8B4FA5C6B}"
EndProject
Global
	GlobalSection(SolutionConfigurationPlatforms) = preSolution
		Debug|Any CPU = Debug|Any CPU
		Release|Any CPU = Release|Any CPU
	EndGlobalSection
	GlobalSection(ProjectConfigurationPlatforms) = postSolution
		{B03C7468-BEC0-4E6F-A241-ADF8B4FA5C6B}.Debug|Any CPU.ActiveCfg = Debug|Any CPU
		{B03C7468-BEC0-4E6F-A241-ADF8B4FA5C6B}.Debug|Any CPU.Build.0 = Debug|Any CPU
		{B03C7468-BEC0-4E6F-A241-ADF8B4FA5C6B}.Release|Any CPU.ActiveCfg = Release|Any CPU
		{B03C7468-BEC0-4E6F-A241-ADF8B4FA5C6B}.Release|Any CPU.Build.0 = Release|Any CPU
	EndGlobalSection
	GlobalSection(SolutionProperties) = preSolution
		HideSolutionNode = FALSE
	EndGlobalSection
	GlobalSection(ExtensibilityGlobals) = postSolution
		SolutionGuid = {F559E255-7490-4F44-8AA5-976A3770C0A4}
	EndGlobalSection
EndGlobal
